
Microsoft Visual Studio Solution File, Format Version 12.00
# Visual Studio 14
VisualStudioVersion = 14.0.25420.1
MinimumVisualStudioVersion = 10.0.40219.1
Project("{FAE04EC0-301F-11D3-BF4B-00C04F79EFBC}") = "AtmaAuto", "AtmaAuto\AtmaAuto.csproj", "{FB645578-1BCA-48A6-B80A-A6565C10B07D}"
EndProject
Project("{54435603-DBB4-11D2-8724-00A0C9A8B90C}") = "AASetup", "AASetup\AASetup.vdproj", "{1549FB12-B4EF-4ACE-A379-4C96E02281E5}"
EndProject
Global
	GlobalSection(SolutionConfigurationPlatforms) = preSolution
		Debug|Any CPU = Debug|Any CPU
		Release|Any CPU = Release|Any CPU
	EndGlobalSection
	GlobalSection(ProjectConfigurationPlatforms) = postSolution
		{FB645578-1BCA-48A6-B80A-A6565C10B07D}.Debug|Any CPU.ActiveCfg = Debug|Any CPU
		{FB645578-1BCA-48A6-B80A-A6565C10B07D}.Debug|Any CPU.Build.0 = Debug|Any CPU
		{FB645578-1BCA-48A6-B80A-A6565C10B07D}.Release|Any CPU.ActiveCfg = Release|Any CPU
		{FB645578-1BCA-48A6-B80A-A6565C10B07D}.Release|Any CPU.Build.0 = Release|Any CPU
		{1549FB12-B4EF-4ACE-A379-4C96E02281E5}.Debug|Any CPU.ActiveCfg = Debug
		{1549FB12-B4EF-4ACE-A379-4C96E02281E5}.Release|Any CPU.ActiveCfg = Release
	EndGlobalSection
	GlobalSection(SolutionProperties) = preSolution
		HideSolutionNode = FALSE
	EndGlobalSection
EndGlobal
